{
  "requires": true,
  "lockfileVersion": 1,
  "dependencies": {
    "ping.js": {
      "version": "0.3.0",
      "resolved": "https://registry.npmjs.org/ping.js/-/ping.js-0.3.0.tgz",
      "integrity": "sha512-qisFwio7j0cwYbOcRL4BlTdxKALcpGPTkpl8ichGASgkrVqfI3sZfQDsP8wETR5rfutXZJLjlJ117aLkRnk2mA=="
    }
  }
}
